
Microsoft Visual Studio Solution File, Format Version 12.00
# Visual Studio Version 17
VisualStudioVersion = 17.12.35707.178
MinimumVisualStudioVersion = 10.0.40219.1
Project("{9A19103F-16F7-4668-BE54-9A1E7A4F7556}") = "VaccineScheduleBlazorApp", "VaccineScheduleBlazorApp\VaccineScheduleBlazorApp.csproj", "{C7FE1896-BD9D-467F-BF1C-DC777E7A3E31}"
EndProject
Project("{9A19103F-16F7-4668-BE54-9A1E7A4F7556}") = "Service", "Service\Service.csproj", "{A4F58244-0EBE-4944-9F19-A818E6E415B6}"
EndProject
Project("{9A19103F-16F7-4668-BE54-9A1E7A4F7556}") = "Repository", "Repository\Repository.csproj", "{449F413F-AD9A-44F1-B346-3B21D4EFF23E}"
EndProject
Project("{9A19103F-16F7-4668-BE54-9A1E7A4F7556}") = "ModelViews", "ModelViews\ModelViews.csproj", "{1F1BBBC4-FE95-4A38-916C-9BEBCF511EB3}"
EndProject
Global
	GlobalSection(SolutionConfigurationPlatforms) = preSolution
		Debug|Any CPU = Debug|Any CPU
		Release|Any CPU = Release|Any CPU
	EndGlobalSection
	GlobalSection(ProjectConfigurationPlatforms) = postSolution
		{C7FE1896-BD9D-467F-BF1C-DC777E7A3E31}.Debug|Any CPU.ActiveCfg = Debug|Any CPU
		{C7FE1896-BD9D-467F-BF1C-DC777E7A3E31}.Debug|Any CPU.Build.0 = Debug|Any CPU
		{C7FE1896-BD9D-467F-BF1C-DC777E7A3E31}.Release|Any CPU.ActiveCfg = Release|Any CPU
		{C7FE1896-BD9D-467F-BF1C-DC777E7A3E31}.Release|Any CPU.Build.0 = Release|Any CPU
		{A4F58244-0EBE-4944-9F19-A818E6E415B6}.Debug|Any CPU.ActiveCfg = Debug|Any CPU
		{A4F58244-0EBE-4944-9F19-A818E6E415B6}.Debug|Any CPU.Build.0 = Debug|Any CPU
		{A4F58244-0EBE-4944-9F19-A818E6E415B6}.Release|Any CPU.ActiveCfg = Release|Any CPU
		{A4F58244-0EBE-4944-9F19-A818E6E415B6}.Release|Any CPU.Build.0 = Release|Any CPU
		{449F413F-AD9A-44F1-B346-3B21D4EFF23E}.Debug|Any CPU.ActiveCfg = Debug|Any CPU
		{449F413F-AD9A-44F1-B346-3B21D4EFF23E}.Debug|Any CPU.Build.0 = Debug|Any CPU
		{449F413F-AD9A-44F1-B346-3B21D4EFF23E}.Release|Any CPU.ActiveCfg = Release|Any CPU
		{449F413F-AD9A-44F1-B346-3B21D4EFF23E}.Release|Any CPU.Build.0 = Release|Any CPU
		{1F1BBBC4-FE95-4A38-916C-9BEBCF511EB3}.Debug|Any CPU.ActiveCfg = Debug|Any CPU
		{1F1BBBC4-FE95-4A38-916C-9BEBCF511EB3}.Debug|Any CPU.Build.0 = Debug|Any CPU
		{1F1BBBC4-FE95-4A38-916C-9BEBCF511EB3}.Release|Any CPU.ActiveCfg = Release|Any CPU
		{1F1BBBC4-FE95-4A38-916C-9BEBCF511EB3}.Release|Any CPU.Build.0 = Release|Any CPU
	EndGlobalSection
	GlobalSection(SolutionProperties) = preSolution
		HideSolutionNode = FALSE
	EndGlobalSection
	GlobalSection(ExtensibilityGlobals) = postSolution
		SolutionGuid = {C513EDCD-3696-476E-9AC3-AFEB51A56EE7}
	EndGlobalSection
EndGlobal
