
Microsoft Visual Studio Solution File, Format Version 12.00
# Visual Studio Version 17
VisualStudioVersion = 17.12.35707.178
MinimumVisualStudioVersion = 10.0.40219.1
Project("{FAE04EC0-301F-11D3-BF4B-00C04F79EFBC}") = "VaccineScheduleBlazorApp", "VaccineScheduleBlazorApp\VaccineScheduleBlazorApp.csproj", "{C7FE1896-BD9D-467F-BF1C-DC777E7A3E31}"
EndProject
Project("{FAE04EC0-301F-11D3-BF4B-00C04F79EFBC}") = "Service", "Service\Service.csproj", "{A4F58244-0EBE-4944-9F19-A818E6E415B6}"
EndProject
Project("{FAE04EC0-301F-11D3-BF4B-00C04F79EFBC}") = "Repository", "Repository\Repository.csproj", "{449F413F-AD9A-44F1-B346-3B21D4EFF23E}"
EndProject
Project("{FAE04EC0-301F-11D3-BF4B-00C04F79EFBC}") = "ModelViews", "..\..\..\SWD392\VaccineScheduleAPI\ModelViews\ModelViews.csproj", "{E81F0352-1257-43B1-9D0D-0C2BBCB24C4D}"
EndProject
Global
	GlobalSection(SolutionConfigurationPlatforms) = preSolution
		Debug|Any CPU = Debug|Any CPU
		Release|Any CPU = Release|Any CPU
	EndGlobalSection
	GlobalSection(ProjectConfigurationPlatforms) = postSolution
		{C7FE1896-BD9D-467F-BF1C-DC777E7A3E31}.Debug|Any CPU.ActiveCfg = Debug|Any CPU
		{C7FE1896-BD9D-467F-BF1C-DC777E7A3E31}.Debug|Any CPU.Build.0 = Debug|Any CPU
		{C7FE1896-BD9D-467F-BF1C-DC777E7A3E31}.Release|Any CPU.ActiveCfg = Release|Any CPU
		{C7FE1896-BD9D-467F-BF1C-DC777E7A3E31}.Release|Any CPU.Build.0 = Release|Any CPU
		{A4F58244-0EBE-4944-9F19-A818E6E415B6}.Debug|Any CPU.ActiveCfg = Debug|Any CPU
		{A4F58244-0EBE-4944-9F19-A818E6E415B6}.Debug|Any CPU.Build.0 = Debug|Any CPU
		{A4F58244-0EBE-4944-9F19-A818E6E415B6}.Release|Any CPU.ActiveCfg = Release|Any CPU
		{A4F58244-0EBE-4944-9F19-A818E6E415B6}.Release|Any CPU.Build.0 = Release|Any CPU
		{449F413F-AD9A-44F1-B346-3B21D4EFF23E}.Debug|Any CPU.ActiveCfg = Debug|Any CPU
		{449F413F-AD9A-44F1-B346-3B21D4EFF23E}.Debug|Any CPU.Build.0 = Debug|Any CPU
		{449F413F-AD9A-44F1-B346-3B21D4EFF23E}.Release|Any CPU.ActiveCfg = Release|Any CPU
		{449F413F-AD9A-44F1-B346-3B21D4EFF23E}.Release|Any CPU.Build.0 = Release|Any CPU
		{E81F0352-1257-43B1-9D0D-0C2BBCB24C4D}.Debug|Any CPU.ActiveCfg = Debug|Any CPU
		{E81F0352-1257-43B1-9D0D-0C2BBCB24C4D}.Debug|Any CPU.Build.0 = Debug|Any CPU
		{E81F0352-1257-43B1-9D0D-0C2BBCB24C4D}.Release|Any CPU.ActiveCfg = Release|Any CPU
		{E81F0352-1257-43B1-9D0D-0C2BBCB24C4D}.Release|Any CPU.Build.0 = Release|Any CPU
	EndGlobalSection
	GlobalSection(SolutionProperties) = preSolution
		HideSolutionNode = FALSE
	EndGlobalSection
	GlobalSection(ExtensibilityGlobals) = postSolution
		SolutionGuid = {C513EDCD-3696-476E-9AC3-AFEB51A56EE7}
	EndGlobalSection
EndGlobal
