
Microsoft Visual Studio Solution File, Format Version 12.00
# Visual Studio Version 17
VisualStudioVersion = 17.12.35707.178
MinimumVisualStudioVersion = 10.0.40219.1
Project("{FAE04EC0-301F-11D3-BF4B-00C04F79EFBC}") = "VaccineScheduleBlazorApp", "VaccineScheduleBlazorApp\VaccineScheduleBlazorApp.csproj", "{C7FE1896-BD9D-467F-BF1C-DC777E7A3E31}"
EndProject
Project("{2150E333-8FDC-42A3-9474-1A3956D46DE8}") = "2. SERVICES", "2. SERVICES", "{E99734F5-019A-4D36-953C-0F754080D076}"
EndProject
Project("{2150E333-8FDC-42A3-9474-1A3956D46DE8}") = "1. BLAZOR PAGES", "1. BLAZOR PAGES", "{A6E19B4D-4372-47D4-8BB5-450D2F864E38}"
EndProject
Project("{2150E333-8FDC-42A3-9474-1A3956D46DE8}") = "3. REPOSITORIES", "3. REPOSITORIES", "{C7EB5ECF-1472-4CE6-9537-CBA4393717FD}"
EndProject
Project("{FAE04EC0-301F-11D3-BF4B-00C04F79EFBC}") = "IService", "IService\IService.csproj", "{CEC23723-FADF-48A8-81B3-DF78C4176584}"
EndProject
Project("{FAE04EC0-301F-11D3-BF4B-00C04F79EFBC}") = "Service", "Service\Service.csproj", "{A4F58244-0EBE-4944-9F19-A818E6E415B6}"
EndProject
Project("{FAE04EC0-301F-11D3-BF4B-00C04F79EFBC}") = "IRepository", "IRepository\IRepository.csproj", "{B3B79A2D-B3B2-4979-A691-6673FA5F2AD2}"
EndProject
Project("{FAE04EC0-301F-11D3-BF4B-00C04F79EFBC}") = "Repository", "Repository\Repository.csproj", "{449F413F-AD9A-44F1-B346-3B21D4EFF23E}"
EndProject
Project("{2150E333-8FDC-42A3-9474-1A3956D46DE8}") = "4. CORE", "4. CORE", "{023EBA91-81DA-40B4-8166-5207171D9353}"
EndProject
Project("{FAE04EC0-301F-11D3-BF4B-00C04F79EFBC}") = "Core", "Core\Core.csproj", "{3BC69703-C521-493E-AB16-DA325E2EFA85}"
EndProject
Project("{FAE04EC0-301F-11D3-BF4B-00C04F79EFBC}") = "ModelViews", "..\..\..\SWD392\VaccineScheduleAPI\ModelViews\ModelViews.csproj", "{E81F0352-1257-43B1-9D0D-0C2BBCB24C4D}"
EndProject
Global
	GlobalSection(SolutionConfigurationPlatforms) = preSolution
		Debug|Any CPU = Debug|Any CPU
		Release|Any CPU = Release|Any CPU
	EndGlobalSection
	GlobalSection(ProjectConfigurationPlatforms) = postSolution
		{C7FE1896-BD9D-467F-BF1C-DC777E7A3E31}.Debug|Any CPU.ActiveCfg = Debug|Any CPU
		{C7FE1896-BD9D-467F-BF1C-DC777E7A3E31}.Debug|Any CPU.Build.0 = Debug|Any CPU
		{C7FE1896-BD9D-467F-BF1C-DC777E7A3E31}.Release|Any CPU.ActiveCfg = Release|Any CPU
		{C7FE1896-BD9D-467F-BF1C-DC777E7A3E31}.Release|Any CPU.Build.0 = Release|Any CPU
		{CEC23723-FADF-48A8-81B3-DF78C4176584}.Debug|Any CPU.ActiveCfg = Debug|Any CPU
		{CEC23723-FADF-48A8-81B3-DF78C4176584}.Debug|Any CPU.Build.0 = Debug|Any CPU
		{CEC23723-FADF-48A8-81B3-DF78C4176584}.Release|Any CPU.ActiveCfg = Release|Any CPU
		{CEC23723-FADF-48A8-81B3-DF78C4176584}.Release|Any CPU.Build.0 = Release|Any CPU
		{A4F58244-0EBE-4944-9F19-A818E6E415B6}.Debug|Any CPU.ActiveCfg = Debug|Any CPU
		{A4F58244-0EBE-4944-9F19-A818E6E415B6}.Debug|Any CPU.Build.0 = Debug|Any CPU
		{A4F58244-0EBE-4944-9F19-A818E6E415B6}.Release|Any CPU.ActiveCfg = Release|Any CPU
		{A4F58244-0EBE-4944-9F19-A818E6E415B6}.Release|Any CPU.Build.0 = Release|Any CPU
		{B3B79A2D-B3B2-4979-A691-6673FA5F2AD2}.Debug|Any CPU.ActiveCfg = Debug|Any CPU
		{B3B79A2D-B3B2-4979-A691-6673FA5F2AD2}.Debug|Any CPU.Build.0 = Debug|Any CPU
		{B3B79A2D-B3B2-4979-A691-6673FA5F2AD2}.Release|Any CPU.ActiveCfg = Release|Any CPU
		{B3B79A2D-B3B2-4979-A691-6673FA5F2AD2}.Release|Any CPU.Build.0 = Release|Any CPU
		{449F413F-AD9A-44F1-B346-3B21D4EFF23E}.Debug|Any CPU.ActiveCfg = Debug|Any CPU
		{449F413F-AD9A-44F1-B346-3B21D4EFF23E}.Debug|Any CPU.Build.0 = Debug|Any CPU
		{449F413F-AD9A-44F1-B346-3B21D4EFF23E}.Release|Any CPU.ActiveCfg = Release|Any CPU
		{449F413F-AD9A-44F1-B346-3B21D4EFF23E}.Release|Any CPU.Build.0 = Release|Any CPU
		{3BC69703-C521-493E-AB16-DA325E2EFA85}.Debug|Any CPU.ActiveCfg = Debug|Any CPU
		{3BC69703-C521-493E-AB16-DA325E2EFA85}.Debug|Any CPU.Build.0 = Debug|Any CPU
		{3BC69703-C521-493E-AB16-DA325E2EFA85}.Release|Any CPU.ActiveCfg = Release|Any CPU
		{3BC69703-C521-493E-AB16-DA325E2EFA85}.Release|Any CPU.Build.0 = Release|Any CPU
		{E81F0352-1257-43B1-9D0D-0C2BBCB24C4D}.Debug|Any CPU.ActiveCfg = Debug|Any CPU
		{E81F0352-1257-43B1-9D0D-0C2BBCB24C4D}.Debug|Any CPU.Build.0 = Debug|Any CPU
		{E81F0352-1257-43B1-9D0D-0C2BBCB24C4D}.Release|Any CPU.ActiveCfg = Release|Any CPU
		{E81F0352-1257-43B1-9D0D-0C2BBCB24C4D}.Release|Any CPU.Build.0 = Release|Any CPU
	EndGlobalSection
	GlobalSection(SolutionProperties) = preSolution
		HideSolutionNode = FALSE
	EndGlobalSection
	GlobalSection(NestedProjects) = preSolution
		{C7FE1896-BD9D-467F-BF1C-DC777E7A3E31} = {A6E19B4D-4372-47D4-8BB5-450D2F864E38}
		{CEC23723-FADF-48A8-81B3-DF78C4176584} = {E99734F5-019A-4D36-953C-0F754080D076}
		{A4F58244-0EBE-4944-9F19-A818E6E415B6} = {E99734F5-019A-4D36-953C-0F754080D076}
		{B3B79A2D-B3B2-4979-A691-6673FA5F2AD2} = {C7EB5ECF-1472-4CE6-9537-CBA4393717FD}
		{449F413F-AD9A-44F1-B346-3B21D4EFF23E} = {C7EB5ECF-1472-4CE6-9537-CBA4393717FD}
		{3BC69703-C521-493E-AB16-DA325E2EFA85} = {023EBA91-81DA-40B4-8166-5207171D9353}
		{E81F0352-1257-43B1-9D0D-0C2BBCB24C4D} = {C7EB5ECF-1472-4CE6-9537-CBA4393717FD}
	EndGlobalSection
EndGlobal
